
Microsoft Visual Studio Solution File, Format Version 12.00
# Visual Studio Version 17
VisualStudioVersion = 17.5.33516.290
MinimumVisualStudioVersion = 10.0.40219.1
Project("{FAE04EC0-301F-11D3-BF4B-00C04F79EFBC}") = "Week10-06", "Week10-06\Week10-06.csproj", "{C6F4AB11-254F-4803-B78E-99EA13E6118C}"
EndProject
Global
	GlobalSection(SolutionConfigurationPlatforms) = preSolution
		Debug|Any CPU = Debug|Any CPU
		Release|Any CPU = Release|Any CPU
	EndGlobalSection
	GlobalSection(ProjectConfigurationPlatforms) = postSolution
		{C6F4AB11-254F-4803-B78E-99EA13E6118C}.Debug|Any CPU.ActiveCfg = Debug|Any CPU
		{C6F4AB11-254F-4803-B78E-99EA13E6118C}.Debug|Any CPU.Build.0 = Debug|Any CPU
		{C6F4AB11-254F-4803-B78E-99EA13E6118C}.Release|Any CPU.ActiveCfg = Release|Any CPU
		{C6F4AB11-254F-4803-B78E-99EA13E6118C}.Release|Any CPU.Build.0 = Release|Any CPU
	EndGlobalSection
	GlobalSection(SolutionProperties) = preSolution
		HideSolutionNode = FALSE
	EndGlobalSection
	GlobalSection(ExtensibilityGlobals) = postSolution
		SolutionGuid = {68BCD1AA-98BD-4503-B9C6-81E55E0D422D}
	EndGlobalSection
EndGlobal
