
Microsoft Visual Studio Solution File, Format Version 12.00
# Visual Studio Version 17
VisualStudioVersion = 17.5.33516.290
MinimumVisualStudioVersion = 10.0.40219.1
Project("{FAE04EC0-301F-11D3-BF4B-00C04F79EFBC}") = "Homework01", "Homework01\Homework01.csproj", "{AB22CA8A-1E67-477F-9AB4-06EFE7BAD72B}"
EndProject
Global
	GlobalSection(SolutionConfigurationPlatforms) = preSolution
		Debug|Any CPU = Debug|Any CPU
		Release|Any CPU = Release|Any CPU
	EndGlobalSection
	GlobalSection(ProjectConfigurationPlatforms) = postSolution
		{AB22CA8A-1E67-477F-9AB4-06EFE7BAD72B}.Debug|Any CPU.ActiveCfg = Debug|Any CPU
		{AB22CA8A-1E67-477F-9AB4-06EFE7BAD72B}.Debug|Any CPU.Build.0 = Debug|Any CPU
		{AB22CA8A-1E67-477F-9AB4-06EFE7BAD72B}.Release|Any CPU.ActiveCfg = Release|Any CPU
		{AB22CA8A-1E67-477F-9AB4-06EFE7BAD72B}.Release|Any CPU.Build.0 = Release|Any CPU
	EndGlobalSection
	GlobalSection(SolutionProperties) = preSolution
		HideSolutionNode = FALSE
	EndGlobalSection
	GlobalSection(ExtensibilityGlobals) = postSolution
		SolutionGuid = {319B28E8-D8F5-4CEE-AEEA-508F5A1748A0}
	EndGlobalSection
EndGlobal
