
Microsoft Visual Studio Solution File, Format Version 12.00
# Visual Studio Version 17
VisualStudioVersion = 17.6.33723.286
MinimumVisualStudioVersion = 10.0.40219.1
Project("{FAE04EC0-301F-11D3-BF4B-00C04F79EFBC}") = "Week16-01", "Week16-01\Week16-01.csproj", "{87AAC609-4856-47DA-9854-491086C6C358}"
EndProject
Global
	GlobalSection(SolutionConfigurationPlatforms) = preSolution
		Debug|Any CPU = Debug|Any CPU
		Release|Any CPU = Release|Any CPU
	EndGlobalSection
	GlobalSection(ProjectConfigurationPlatforms) = postSolution
		{87AAC609-4856-47DA-9854-491086C6C358}.Debug|Any CPU.ActiveCfg = Debug|Any CPU
		{87AAC609-4856-47DA-9854-491086C6C358}.Debug|Any CPU.Build.0 = Debug|Any CPU
		{87AAC609-4856-47DA-9854-491086C6C358}.Release|Any CPU.ActiveCfg = Release|Any CPU
		{87AAC609-4856-47DA-9854-491086C6C358}.Release|Any CPU.Build.0 = Release|Any CPU
	EndGlobalSection
	GlobalSection(SolutionProperties) = preSolution
		HideSolutionNode = FALSE
	EndGlobalSection
	GlobalSection(ExtensibilityGlobals) = postSolution
		SolutionGuid = {AEC1D5C5-ECC7-4079-9D25-D007DE9CC47A}
	EndGlobalSection
EndGlobal
